
Microsoft Visual Studio Solution File, Format Version 12.00
# Visual Studio 2013
VisualStudioVersion = 12.0.40629.0
MinimumVisualStudioVersion = 10.0.40219.1
Project("{FAE04EC0-301F-11D3-BF4B-00C04F79EFBC}") = "Laive.BOMnt.Di.v1", "Laive.BOMnt.Di.v1\Laive.BOMnt.Di.v1.csproj", "{8CD74D2C-1CCB-4FF0-8CD3-B09B29FA5671}"
EndProject
Project("{FAE04EC0-301F-11D3-BF4B-00C04F79EFBC}") = "Laive.DOMnt.Di.v1", "Laive.DOMnt.Di.v1\Laive.DOMnt.Di.v1.csproj", "{5F1EBE37-F195-48EB-BFC5-1EE610749B94}"
EndProject
Project("{FAE04EC0-301F-11D3-BF4B-00C04F79EFBC}") = "Laive.BORpt.Di.v1", "Laive.BORpt.Di.v1\Laive.BORpt.Di.v1.csproj", "{F9907CAD-675B-4BAA-921F-8DBB8B88984E}"
EndProject
Project("{FAE04EC0-301F-11D3-BF4B-00C04F79EFBC}") = "Laive.DORpt.Di.v1", "Laive.DORpt.Di.v1\Laive.DORpt.Di.v1.csproj", "{D1C9CDF9-A009-40AF-A18A-2C5F215DC949}"
EndProject
Project("{FAE04EC0-301F-11D3-BF4B-00C04F79EFBC}") = "Laive.Entity.Co.v1", "Laive.Entity.Co.v1\Laive.Entity.Co.v1.csproj", "{E5986432-6879-4521-AF3A-422628E9550A}"
EndProject
Project("{FAE04EC0-301F-11D3-BF4B-00C04F79EFBC}") = "Laive.BOQry.Co.v1", "Laive.BOQry.Co.v1\Laive.BOQry.Co.v1.csproj", "{F730B027-B4DF-4E81-AB88-6A466908DCF8}"
EndProject
Project("{FAE04EC0-301F-11D3-BF4B-00C04F79EFBC}") = "Laive.DOQry.Co.v1", "Laive.DOQry.Co.v1\Laive.DOQry.Co.v1.csproj", "{E70228ED-EA4D-43A4-AF30-A618FDE2473D}"
EndProject
Project("{FAE04EC0-301F-11D3-BF4B-00C04F79EFBC}") = "Laive.BOMnt.Co.v1", "Laive.BOMnt.Co.v1\Laive.BOMnt.Co.v1.csproj", "{0E44F91B-3B73-4CD0-B9A9-8F4D5C8595CE}"
EndProject
Project("{FAE04EC0-301F-11D3-BF4B-00C04F79EFBC}") = "Laive.DOMnt.Co.v1", "Laive.DOMnt.Co.v1\Laive.DOMnt.Co.v1.csproj", "{6030666B-9680-44D8-A6EB-18FF35BC8018}"
EndProject
Project("{FAE04EC0-301F-11D3-BF4B-00C04F79EFBC}") = "Laive.Entity.Fi.v1", "Laive.Entity.Fi.v1\Laive.Entity.Fi.v1.csproj", "{30223382-0D8C-4650-AB59-B09B19A452A4}"
EndProject
Project("{FAE04EC0-301F-11D3-BF4B-00C04F79EFBC}") = "Laive.BOQry.Fi.v1", "Laive.BOQry.Fi.v1\Laive.BOQry.Fi.v1.csproj", "{8337DA94-9B07-443E-98E8-1509615DDD57}"
EndProject
Project("{FAE04EC0-301F-11D3-BF4B-00C04F79EFBC}") = "Laive.BOMnt.Fi.v1", "Laive.BOMnt.Fi.v1\Laive.BOMnt.Fi.v1.csproj", "{D0E3DC0E-BE2B-49D9-B212-318100E2ED4D}"
EndProject
Project("{FAE04EC0-301F-11D3-BF4B-00C04F79EFBC}") = "Laive.DOMnt.Fi.v1", "Laive.DOMnt.Fi.v1\Laive.DOMnt.Fi.v1.csproj", "{591D8AB6-776D-4015-A010-C7154A10EE63}"
EndProject
Project("{FAE04EC0-301F-11D3-BF4B-00C04F79EFBC}") = "Laive.DOQry.Fi.v1", "Laive.DOQry.Fi.v1\Laive.DOQry.Fi.v1.csproj", "{535B611C-9397-4ED0-9E68-9B8E42152EAF}"
EndProject
Project("{FAE04EC0-301F-11D3-BF4B-00C04F79EFBC}") = "Laive.Entity.Di.v1", "Laive.Entity.Di.v1\Laive.Entity.Di.v1.csproj", "{67CED631-7AF2-4024-8D63-A96D8659C1F8}"
EndProject
Project("{FAE04EC0-301F-11D3-BF4B-00C04F79EFBC}") = "Laive.DOMnt.Sy.v1", "Laive.DOMnt.Sy.v1\Laive.DOMnt.Sy.v1.csproj", "{1A635836-5387-4872-9C7E-F8F13DC92867}"
EndProject
Project("{FAE04EC0-301F-11D3-BF4B-00C04F79EFBC}") = "Laive.Entity.Sy.v1", "Laive.Entity.Sy.v1\Laive.Entity.Sy.v1.csproj", "{1A214798-925A-4E91-B331-0D5B762434B4}"
EndProject
Project("{FAE04EC0-301F-11D3-BF4B-00C04F79EFBC}") = "Laive.Entity.Mg.v1", "Laive.Entity.Mg.v1\Laive.Entity.Mg.v1.csproj", "{5FCF5A3E-6204-47E7-B849-A57113947457}"
EndProject
Project("{FAE04EC0-301F-11D3-BF4B-00C04F79EFBC}") = "Laive.BOMnt.Mg.v1", "Laive.BOMnt.Mg.v1\Laive.BOMnt.Mg.v1.csproj", "{C58A6A4E-64E7-45E1-8B93-9C5AB06E7FF4}"
EndProject
Project("{FAE04EC0-301F-11D3-BF4B-00C04F79EFBC}") = "Laive.BOMnt.Sy.v1", "Laive.BOMnt.Sy.v1\Laive.BOMnt.Sy.v1.csproj", "{F11BCD0C-94E6-403B-A6FA-7CE73E54C07C}"
EndProject
Project("{FAE04EC0-301F-11D3-BF4B-00C04F79EFBC}") = "Laive.BOQry.Mg.v1", "Laive.BOQry.Mg.v1\Laive.BOQry.Mg.v1.csproj", "{4EA60B57-C288-4DA0-AC86-77A739451964}"
EndProject
Project("{FAE04EC0-301F-11D3-BF4B-00C04F79EFBC}") = "Laive.BOQry.Sy.v1", "Laive.BOQry.Sy\Laive.BOQry.Sy.v1.csproj", "{C1D520A9-0CD5-414B-BDC7-76F6BEB2F614}"
EndProject
Project("{FAE04EC0-301F-11D3-BF4B-00C04F79EFBC}") = "Laive.Core.Common.v1", "Laive.Core.Common.v1\Laive.Core.Common.v1.csproj", "{78F53FBF-B2B7-4287-980C-F54CB767619C}"
EndProject
Project("{FAE04EC0-301F-11D3-BF4B-00C04F79EFBC}") = "Laive.Core.Data.v1", "Laive.Core.Data.v1\Laive.Core.Data.v1.csproj", "{966DCFD4-B5BA-49A6-9B87-1FF466BD5D5E}"
EndProject
Project("{FAE04EC0-301F-11D3-BF4B-00C04F79EFBC}") = "Laive.Core.Entity.v1", "Laive.Core.Entity.v1\Laive.Core.Entity.v1.csproj", "{3325A152-EE32-4F91-82FE-8DB540067650}"
EndProject
Project("{FAE04EC0-301F-11D3-BF4B-00C04F79EFBC}") = "Laive.DOMnt.Mg.v1", "Laive.DOMnt.Mg.v1\Laive.DOMnt.Mg.v1.csproj", "{241AC3A9-6D4C-49A8-8CAD-AF5CF620C3E0}"
EndProject
Project("{FAE04EC0-301F-11D3-BF4B-00C04F79EFBC}") = "Laive.DOQry.Mg.v1", "Laive.DOQry.Mg.v1\Laive.DOQry.Mg.v1.csproj", "{4C9EEE59-35FF-45E6-A587-1186CAF5F043}"
EndProject
Project("{FAE04EC0-301F-11D3-BF4B-00C04F79EFBC}") = "Laive.DOQry.Sy.v1", "Laive.DOQry.Sy.v1\Laive.DOQry.Sy.v1.csproj", "{2E37712C-A589-41ED-B051-E1EE089B7E09}"
EndProject
Project("{FAE04EC0-301F-11D3-BF4B-00C04F79EFBC}") = "Laive.BOQry.Di.v1", "Laive.BOQry.Di.v1\Laive.BOQry.Di.v1.csproj", "{ABF0FC1C-D66F-45EC-A206-806F843B4590}"
EndProject
Project("{FAE04EC0-301F-11D3-BF4B-00C04F79EFBC}") = "Laive.DOQry.Di.v1", "Laive.DOQry.Di.v1\Laive.DOQry.Di.v1.csproj", "{85D28736-10E3-458F-98BA-765166C15502}"
EndProject
Project("{FAE04EC0-301F-11D3-BF4B-00C04F79EFBC}") = "Laive.Entity.Bi.v1", "Laive.Entity.Bi.v1\Laive.Entity.Bi.v1.csproj", "{7B7B0CB2-13EB-48D8-816B-C3F0B15DB50E}"
EndProject
Project("{FAE04EC0-301F-11D3-BF4B-00C04F79EFBC}") = "Laive.BOQry.Bi.v1", "Laive.BOQry.Bi.v1\Laive.BOQry.Bi.v1.csproj", "{EB943D9E-2EBE-4A9D-B843-59586C93F570}"
EndProject
Project("{FAE04EC0-301F-11D3-BF4B-00C04F79EFBC}") = "Laive.DOQry.Bi.v1", "Laive.DOQry.Bi.v1\Laive.DOQry.Bi.v1.csproj", "{1132B510-D3C4-4580-8AFF-63D7C9E5B44E}"
EndProject
Project("{FAE04EC0-301F-11D3-BF4B-00C04F79EFBC}") = "Laive.BOMnt.Bi.v1", "Laive.BOMnt.Bi.v1\Laive.BOMnt.Bi.v1.csproj", "{D5DE017A-0DDE-47F6-9837-5E805CA63D75}"
EndProject
Project("{FAE04EC0-301F-11D3-BF4B-00C04F79EFBC}") = "Laive.DOMnt.Bi.v1", "Laive.DOMnt.Bi.v1\Laive.DOMnt.Bi.v1.csproj", "{BADC58F3-5A5D-4672-A9FF-410E102C67A9}"
EndProject
Project("{FAE04EC0-301F-11D3-BF4B-00C04F79EFBC}") = "LAIVE.V1", "LAIVE.V1\LAIVE.V1.csproj", "{E130F25B-B9BD-4B30-A94D-F72D522B5E53}"
EndProject
Global
	GlobalSection(SolutionConfigurationPlatforms) = preSolution
		Debug|Any CPU = Debug|Any CPU
		Debug|x64 = Debug|x64
		Release|Any CPU = Release|Any CPU
		Release|x64 = Release|x64
	EndGlobalSection
	GlobalSection(ProjectConfigurationPlatforms) = postSolution
		{8CD74D2C-1CCB-4FF0-8CD3-B09B29FA5671}.Debug|Any CPU.ActiveCfg = Debug|Any CPU
		{8CD74D2C-1CCB-4FF0-8CD3-B09B29FA5671}.Debug|Any CPU.Build.0 = Debug|Any CPU
		{8CD74D2C-1CCB-4FF0-8CD3-B09B29FA5671}.Debug|x64.ActiveCfg = Debug|x64
		{8CD74D2C-1CCB-4FF0-8CD3-B09B29FA5671}.Debug|x64.Build.0 = Debug|x64
		{8CD74D2C-1CCB-4FF0-8CD3-B09B29FA5671}.Release|Any CPU.ActiveCfg = Release|Any CPU
		{8CD74D2C-1CCB-4FF0-8CD3-B09B29FA5671}.Release|Any CPU.Build.0 = Release|Any CPU
		{8CD74D2C-1CCB-4FF0-8CD3-B09B29FA5671}.Release|x64.ActiveCfg = Release|x64
		{8CD74D2C-1CCB-4FF0-8CD3-B09B29FA5671}.Release|x64.Build.0 = Release|x64
		{5F1EBE37-F195-48EB-BFC5-1EE610749B94}.Debug|Any CPU.ActiveCfg = Debug|Any CPU
		{5F1EBE37-F195-48EB-BFC5-1EE610749B94}.Debug|Any CPU.Build.0 = Debug|Any CPU
		{5F1EBE37-F195-48EB-BFC5-1EE610749B94}.Debug|x64.ActiveCfg = Debug|x64
		{5F1EBE37-F195-48EB-BFC5-1EE610749B94}.Debug|x64.Build.0 = Debug|x64
		{5F1EBE37-F195-48EB-BFC5-1EE610749B94}.Release|Any CPU.ActiveCfg = Release|Any CPU
		{5F1EBE37-F195-48EB-BFC5-1EE610749B94}.Release|Any CPU.Build.0 = Release|Any CPU
		{5F1EBE37-F195-48EB-BFC5-1EE610749B94}.Release|x64.ActiveCfg = Release|x64
		{5F1EBE37-F195-48EB-BFC5-1EE610749B94}.Release|x64.Build.0 = Release|x64
		{F9907CAD-675B-4BAA-921F-8DBB8B88984E}.Debug|Any CPU.ActiveCfg = Debug|Any CPU
		{F9907CAD-675B-4BAA-921F-8DBB8B88984E}.Debug|Any CPU.Build.0 = Debug|Any CPU
		{F9907CAD-675B-4BAA-921F-8DBB8B88984E}.Debug|x64.ActiveCfg = Debug|x64
		{F9907CAD-675B-4BAA-921F-8DBB8B88984E}.Debug|x64.Build.0 = Debug|x64
		{F9907CAD-675B-4BAA-921F-8DBB8B88984E}.Release|Any CPU.ActiveCfg = Release|Any CPU
		{F9907CAD-675B-4BAA-921F-8DBB8B88984E}.Release|Any CPU.Build.0 = Release|Any CPU
		{F9907CAD-675B-4BAA-921F-8DBB8B88984E}.Release|x64.ActiveCfg = Release|x64
		{F9907CAD-675B-4BAA-921F-8DBB8B88984E}.Release|x64.Build.0 = Release|x64
		{D1C9CDF9-A009-40AF-A18A-2C5F215DC949}.Debug|Any CPU.ActiveCfg = Debug|Any CPU
		{D1C9CDF9-A009-40AF-A18A-2C5F215DC949}.Debug|Any CPU.Build.0 = Debug|Any CPU
		{D1C9CDF9-A009-40AF-A18A-2C5F215DC949}.Debug|x64.ActiveCfg = Debug|x64
		{D1C9CDF9-A009-40AF-A18A-2C5F215DC949}.Debug|x64.Build.0 = Debug|x64
		{D1C9CDF9-A009-40AF-A18A-2C5F215DC949}.Release|Any CPU.ActiveCfg = Release|Any CPU
		{D1C9CDF9-A009-40AF-A18A-2C5F215DC949}.Release|Any CPU.Build.0 = Release|Any CPU
		{D1C9CDF9-A009-40AF-A18A-2C5F215DC949}.Release|x64.ActiveCfg = Release|x64
		{D1C9CDF9-A009-40AF-A18A-2C5F215DC949}.Release|x64.Build.0 = Release|x64
		{E5986432-6879-4521-AF3A-422628E9550A}.Debug|Any CPU.ActiveCfg = Debug|Any CPU
		{E5986432-6879-4521-AF3A-422628E9550A}.Debug|Any CPU.Build.0 = Debug|Any CPU
		{E5986432-6879-4521-AF3A-422628E9550A}.Debug|x64.ActiveCfg = Debug|x64
		{E5986432-6879-4521-AF3A-422628E9550A}.Debug|x64.Build.0 = Debug|x64
		{E5986432-6879-4521-AF3A-422628E9550A}.Release|Any CPU.ActiveCfg = Release|Any CPU
		{E5986432-6879-4521-AF3A-422628E9550A}.Release|Any CPU.Build.0 = Release|Any CPU
		{E5986432-6879-4521-AF3A-422628E9550A}.Release|x64.ActiveCfg = Release|x64
		{E5986432-6879-4521-AF3A-422628E9550A}.Release|x64.Build.0 = Release|x64
		{F730B027-B4DF-4E81-AB88-6A466908DCF8}.Debug|Any CPU.ActiveCfg = Debug|Any CPU
		{F730B027-B4DF-4E81-AB88-6A466908DCF8}.Debug|Any CPU.Build.0 = Debug|Any CPU
		{F730B027-B4DF-4E81-AB88-6A466908DCF8}.Debug|x64.ActiveCfg = Debug|x64
		{F730B027-B4DF-4E81-AB88-6A466908DCF8}.Debug|x64.Build.0 = Debug|x64
		{F730B027-B4DF-4E81-AB88-6A466908DCF8}.Release|Any CPU.ActiveCfg = Release|Any CPU
		{F730B027-B4DF-4E81-AB88-6A466908DCF8}.Release|Any CPU.Build.0 = Release|Any CPU
		{F730B027-B4DF-4E81-AB88-6A466908DCF8}.Release|x64.ActiveCfg = Release|x64
		{F730B027-B4DF-4E81-AB88-6A466908DCF8}.Release|x64.Build.0 = Release|x64
		{E70228ED-EA4D-43A4-AF30-A618FDE2473D}.Debug|Any CPU.ActiveCfg = Debug|Any CPU
		{E70228ED-EA4D-43A4-AF30-A618FDE2473D}.Debug|Any CPU.Build.0 = Debug|Any CPU
		{E70228ED-EA4D-43A4-AF30-A618FDE2473D}.Debug|x64.ActiveCfg = Debug|x64
		{E70228ED-EA4D-43A4-AF30-A618FDE2473D}.Debug|x64.Build.0 = Debug|x64
		{E70228ED-EA4D-43A4-AF30-A618FDE2473D}.Release|Any CPU.ActiveCfg = Release|Any CPU
		{E70228ED-EA4D-43A4-AF30-A618FDE2473D}.Release|Any CPU.Build.0 = Release|Any CPU
		{E70228ED-EA4D-43A4-AF30-A618FDE2473D}.Release|x64.ActiveCfg = Release|x64
		{E70228ED-EA4D-43A4-AF30-A618FDE2473D}.Release|x64.Build.0 = Release|x64
		{0E44F91B-3B73-4CD0-B9A9-8F4D5C8595CE}.Debug|Any CPU.ActiveCfg = Debug|Any CPU
		{0E44F91B-3B73-4CD0-B9A9-8F4D5C8595CE}.Debug|Any CPU.Build.0 = Debug|Any CPU
		{0E44F91B-3B73-4CD0-B9A9-8F4D5C8595CE}.Debug|x64.ActiveCfg = Debug|x64
		{0E44F91B-3B73-4CD0-B9A9-8F4D5C8595CE}.Debug|x64.Build.0 = Debug|x64
		{0E44F91B-3B73-4CD0-B9A9-8F4D5C8595CE}.Release|Any CPU.ActiveCfg = Release|Any CPU
		{0E44F91B-3B73-4CD0-B9A9-8F4D5C8595CE}.Release|Any CPU.Build.0 = Release|Any CPU
		{0E44F91B-3B73-4CD0-B9A9-8F4D5C8595CE}.Release|x64.ActiveCfg = Release|x64
		{0E44F91B-3B73-4CD0-B9A9-8F4D5C8595CE}.Release|x64.Build.0 = Release|x64
		{6030666B-9680-44D8-A6EB-18FF35BC8018}.Debug|Any CPU.ActiveCfg = Debug|Any CPU
		{6030666B-9680-44D8-A6EB-18FF35BC8018}.Debug|Any CPU.Build.0 = Debug|Any CPU
		{6030666B-9680-44D8-A6EB-18FF35BC8018}.Debug|x64.ActiveCfg = Debug|x64
		{6030666B-9680-44D8-A6EB-18FF35BC8018}.Debug|x64.Build.0 = Debug|x64
		{6030666B-9680-44D8-A6EB-18FF35BC8018}.Release|Any CPU.ActiveCfg = Release|Any CPU
		{6030666B-9680-44D8-A6EB-18FF35BC8018}.Release|Any CPU.Build.0 = Release|Any CPU
		{6030666B-9680-44D8-A6EB-18FF35BC8018}.Release|x64.ActiveCfg = Release|x64
		{6030666B-9680-44D8-A6EB-18FF35BC8018}.Release|x64.Build.0 = Release|x64
		{30223382-0D8C-4650-AB59-B09B19A452A4}.Debug|Any CPU.ActiveCfg = Debug|Any CPU
		{30223382-0D8C-4650-AB59-B09B19A452A4}.Debug|Any CPU.Build.0 = Debug|Any CPU
		{30223382-0D8C-4650-AB59-B09B19A452A4}.Debug|x64.ActiveCfg = Debug|Any CPU
		{30223382-0D8C-4650-AB59-B09B19A452A4}.Release|Any CPU.ActiveCfg = Release|Any CPU
		{30223382-0D8C-4650-AB59-B09B19A452A4}.Release|Any CPU.Build.0 = Release|Any CPU
		{30223382-0D8C-4650-AB59-B09B19A452A4}.Release|x64.ActiveCfg = Release|Any CPU
		{8337DA94-9B07-443E-98E8-1509615DDD57}.Debug|Any CPU.ActiveCfg = Debug|Any CPU
		{8337DA94-9B07-443E-98E8-1509615DDD57}.Debug|Any CPU.Build.0 = Debug|Any CPU
		{8337DA94-9B07-443E-98E8-1509615DDD57}.Debug|x64.ActiveCfg = Debug|Any CPU
		{8337DA94-9B07-443E-98E8-1509615DDD57}.Release|Any CPU.ActiveCfg = Release|Any CPU
		{8337DA94-9B07-443E-98E8-1509615DDD57}.Release|Any CPU.Build.0 = Release|Any CPU
		{8337DA94-9B07-443E-98E8-1509615DDD57}.Release|x64.ActiveCfg = Release|Any CPU
		{D0E3DC0E-BE2B-49D9-B212-318100E2ED4D}.Debug|Any CPU.ActiveCfg = Debug|Any CPU
		{D0E3DC0E-BE2B-49D9-B212-318100E2ED4D}.Debug|Any CPU.Build.0 = Debug|Any CPU
		{D0E3DC0E-BE2B-49D9-B212-318100E2ED4D}.Debug|x64.ActiveCfg = Debug|Any CPU
		{D0E3DC0E-BE2B-49D9-B212-318100E2ED4D}.Release|Any CPU.ActiveCfg = Release|Any CPU
		{D0E3DC0E-BE2B-49D9-B212-318100E2ED4D}.Release|Any CPU.Build.0 = Release|Any CPU
		{D0E3DC0E-BE2B-49D9-B212-318100E2ED4D}.Release|x64.ActiveCfg = Release|Any CPU
		{591D8AB6-776D-4015-A010-C7154A10EE63}.Debug|Any CPU.ActiveCfg = Debug|Any CPU
		{591D8AB6-776D-4015-A010-C7154A10EE63}.Debug|Any CPU.Build.0 = Debug|Any CPU
		{591D8AB6-776D-4015-A010-C7154A10EE63}.Debug|x64.ActiveCfg = Debug|Any CPU
		{591D8AB6-776D-4015-A010-C7154A10EE63}.Release|Any CPU.ActiveCfg = Release|Any CPU
		{591D8AB6-776D-4015-A010-C7154A10EE63}.Release|Any CPU.Build.0 = Release|Any CPU
		{591D8AB6-776D-4015-A010-C7154A10EE63}.Release|x64.ActiveCfg = Release|Any CPU
		{535B611C-9397-4ED0-9E68-9B8E42152EAF}.Debug|Any CPU.ActiveCfg = Debug|Any CPU
		{535B611C-9397-4ED0-9E68-9B8E42152EAF}.Debug|Any CPU.Build.0 = Debug|Any CPU
		{535B611C-9397-4ED0-9E68-9B8E42152EAF}.Debug|x64.ActiveCfg = Debug|Any CPU
		{535B611C-9397-4ED0-9E68-9B8E42152EAF}.Release|Any CPU.ActiveCfg = Release|Any CPU
		{535B611C-9397-4ED0-9E68-9B8E42152EAF}.Release|Any CPU.Build.0 = Release|Any CPU
		{535B611C-9397-4ED0-9E68-9B8E42152EAF}.Release|x64.ActiveCfg = Release|Any CPU
		{67CED631-7AF2-4024-8D63-A96D8659C1F8}.Debug|Any CPU.ActiveCfg = Debug|Any CPU
		{67CED631-7AF2-4024-8D63-A96D8659C1F8}.Debug|Any CPU.Build.0 = Debug|Any CPU
		{67CED631-7AF2-4024-8D63-A96D8659C1F8}.Debug|x64.ActiveCfg = Debug|x64
		{67CED631-7AF2-4024-8D63-A96D8659C1F8}.Debug|x64.Build.0 = Debug|x64
		{67CED631-7AF2-4024-8D63-A96D8659C1F8}.Release|Any CPU.ActiveCfg = Release|Any CPU
		{67CED631-7AF2-4024-8D63-A96D8659C1F8}.Release|Any CPU.Build.0 = Release|Any CPU
		{67CED631-7AF2-4024-8D63-A96D8659C1F8}.Release|x64.ActiveCfg = Release|x64
		{67CED631-7AF2-4024-8D63-A96D8659C1F8}.Release|x64.Build.0 = Release|x64
		{1A635836-5387-4872-9C7E-F8F13DC92867}.Debug|Any CPU.ActiveCfg = Debug|Any CPU
		{1A635836-5387-4872-9C7E-F8F13DC92867}.Debug|Any CPU.Build.0 = Debug|Any CPU
		{1A635836-5387-4872-9C7E-F8F13DC92867}.Debug|x64.ActiveCfg = Debug|x64
		{1A635836-5387-4872-9C7E-F8F13DC92867}.Debug|x64.Build.0 = Debug|x64
		{1A635836-5387-4872-9C7E-F8F13DC92867}.Release|Any CPU.ActiveCfg = Release|Any CPU
		{1A635836-5387-4872-9C7E-F8F13DC92867}.Release|Any CPU.Build.0 = Release|Any CPU
		{1A635836-5387-4872-9C7E-F8F13DC92867}.Release|x64.ActiveCfg = Release|x64
		{1A635836-5387-4872-9C7E-F8F13DC92867}.Release|x64.Build.0 = Release|x64
		{1A214798-925A-4E91-B331-0D5B762434B4}.Debug|Any CPU.ActiveCfg = Debug|Any CPU
		{1A214798-925A-4E91-B331-0D5B762434B4}.Debug|Any CPU.Build.0 = Debug|Any CPU
		{1A214798-925A-4E91-B331-0D5B762434B4}.Debug|x64.ActiveCfg = Debug|x64
		{1A214798-925A-4E91-B331-0D5B762434B4}.Debug|x64.Build.0 = Debug|x64
		{1A214798-925A-4E91-B331-0D5B762434B4}.Release|Any CPU.ActiveCfg = Release|Any CPU
		{1A214798-925A-4E91-B331-0D5B762434B4}.Release|Any CPU.Build.0 = Release|Any CPU
		{1A214798-925A-4E91-B331-0D5B762434B4}.Release|x64.ActiveCfg = Release|x64
		{1A214798-925A-4E91-B331-0D5B762434B4}.Release|x64.Build.0 = Release|x64
		{5FCF5A3E-6204-47E7-B849-A57113947457}.Debug|Any CPU.ActiveCfg = Debug|Any CPU
		{5FCF5A3E-6204-47E7-B849-A57113947457}.Debug|Any CPU.Build.0 = Debug|Any CPU
		{5FCF5A3E-6204-47E7-B849-A57113947457}.Debug|x64.ActiveCfg = Debug|x64
		{5FCF5A3E-6204-47E7-B849-A57113947457}.Debug|x64.Build.0 = Debug|x64
		{5FCF5A3E-6204-47E7-B849-A57113947457}.Release|Any CPU.ActiveCfg = Release|Any CPU
		{5FCF5A3E-6204-47E7-B849-A57113947457}.Release|Any CPU.Build.0 = Release|Any CPU
		{5FCF5A3E-6204-47E7-B849-A57113947457}.Release|x64.ActiveCfg = Release|x64
		{5FCF5A3E-6204-47E7-B849-A57113947457}.Release|x64.Build.0 = Release|x64
		{C58A6A4E-64E7-45E1-8B93-9C5AB06E7FF4}.Debug|Any CPU.ActiveCfg = Debug|Any CPU
		{C58A6A4E-64E7-45E1-8B93-9C5AB06E7FF4}.Debug|Any CPU.Build.0 = Debug|Any CPU
		{C58A6A4E-64E7-45E1-8B93-9C5AB06E7FF4}.Debug|x64.ActiveCfg = Debug|x64
		{C58A6A4E-64E7-45E1-8B93-9C5AB06E7FF4}.Debug|x64.Build.0 = Debug|x64
		{C58A6A4E-64E7-45E1-8B93-9C5AB06E7FF4}.Release|Any CPU.ActiveCfg = Release|Any CPU
		{C58A6A4E-64E7-45E1-8B93-9C5AB06E7FF4}.Release|Any CPU.Build.0 = Release|Any CPU
		{C58A6A4E-64E7-45E1-8B93-9C5AB06E7FF4}.Release|x64.ActiveCfg = Release|x64
		{C58A6A4E-64E7-45E1-8B93-9C5AB06E7FF4}.Release|x64.Build.0 = Release|x64
		{F11BCD0C-94E6-403B-A6FA-7CE73E54C07C}.Debug|Any CPU.ActiveCfg = Debug|Any CPU
		{F11BCD0C-94E6-403B-A6FA-7CE73E54C07C}.Debug|Any CPU.Build.0 = Debug|Any CPU
		{F11BCD0C-94E6-403B-A6FA-7CE73E54C07C}.Debug|x64.ActiveCfg = Debug|x64
		{F11BCD0C-94E6-403B-A6FA-7CE73E54C07C}.Debug|x64.Build.0 = Debug|x64
		{F11BCD0C-94E6-403B-A6FA-7CE73E54C07C}.Release|Any CPU.ActiveCfg = Release|Any CPU
		{F11BCD0C-94E6-403B-A6FA-7CE73E54C07C}.Release|Any CPU.Build.0 = Release|Any CPU
		{F11BCD0C-94E6-403B-A6FA-7CE73E54C07C}.Release|x64.ActiveCfg = Release|x64
		{F11BCD0C-94E6-403B-A6FA-7CE73E54C07C}.Release|x64.Build.0 = Release|x64
		{4EA60B57-C288-4DA0-AC86-77A739451964}.Debug|Any CPU.ActiveCfg = Debug|Any CPU
		{4EA60B57-C288-4DA0-AC86-77A739451964}.Debug|Any CPU.Build.0 = Debug|Any CPU
		{4EA60B57-C288-4DA0-AC86-77A739451964}.Debug|x64.ActiveCfg = Debug|x64
		{4EA60B57-C288-4DA0-AC86-77A739451964}.Debug|x64.Build.0 = Debug|x64
		{4EA60B57-C288-4DA0-AC86-77A739451964}.Release|Any CPU.ActiveCfg = Release|Any CPU
		{4EA60B57-C288-4DA0-AC86-77A739451964}.Release|Any CPU.Build.0 = Release|Any CPU
		{4EA60B57-C288-4DA0-AC86-77A739451964}.Release|x64.ActiveCfg = Release|x64
		{4EA60B57-C288-4DA0-AC86-77A739451964}.Release|x64.Build.0 = Release|x64
		{C1D520A9-0CD5-414B-BDC7-76F6BEB2F614}.Debug|Any CPU.ActiveCfg = Debug|Any CPU
		{C1D520A9-0CD5-414B-BDC7-76F6BEB2F614}.Debug|Any CPU.Build.0 = Debug|Any CPU
		{C1D520A9-0CD5-414B-BDC7-76F6BEB2F614}.Debug|x64.ActiveCfg = Debug|x64
		{C1D520A9-0CD5-414B-BDC7-76F6BEB2F614}.Debug|x64.Build.0 = Debug|x64
		{C1D520A9-0CD5-414B-BDC7-76F6BEB2F614}.Release|Any CPU.ActiveCfg = Release|Any CPU
		{C1D520A9-0CD5-414B-BDC7-76F6BEB2F614}.Release|Any CPU.Build.0 = Release|Any CPU
		{C1D520A9-0CD5-414B-BDC7-76F6BEB2F614}.Release|x64.ActiveCfg = Release|x64
		{C1D520A9-0CD5-414B-BDC7-76F6BEB2F614}.Release|x64.Build.0 = Release|x64
		{78F53FBF-B2B7-4287-980C-F54CB767619C}.Debug|Any CPU.ActiveCfg = Debug|Any CPU
		{78F53FBF-B2B7-4287-980C-F54CB767619C}.Debug|Any CPU.Build.0 = Debug|Any CPU
		{78F53FBF-B2B7-4287-980C-F54CB767619C}.Debug|x64.ActiveCfg = Debug|x64
		{78F53FBF-B2B7-4287-980C-F54CB767619C}.Debug|x64.Build.0 = Debug|x64
		{78F53FBF-B2B7-4287-980C-F54CB767619C}.Release|Any CPU.ActiveCfg = Release|Any CPU
		{78F53FBF-B2B7-4287-980C-F54CB767619C}.Release|Any CPU.Build.0 = Release|Any CPU
		{78F53FBF-B2B7-4287-980C-F54CB767619C}.Release|x64.ActiveCfg = Release|x64
		{78F53FBF-B2B7-4287-980C-F54CB767619C}.Release|x64.Build.0 = Release|x64
		{966DCFD4-B5BA-49A6-9B87-1FF466BD5D5E}.Debug|Any CPU.ActiveCfg = Debug|Any CPU
		{966DCFD4-B5BA-49A6-9B87-1FF466BD5D5E}.Debug|Any CPU.Build.0 = Debug|Any CPU
		{966DCFD4-B5BA-49A6-9B87-1FF466BD5D5E}.Debug|x64.ActiveCfg = Debug|x64
		{966DCFD4-B5BA-49A6-9B87-1FF466BD5D5E}.Debug|x64.Build.0 = Debug|x64
		{966DCFD4-B5BA-49A6-9B87-1FF466BD5D5E}.Release|Any CPU.ActiveCfg = Release|Any CPU
		{966DCFD4-B5BA-49A6-9B87-1FF466BD5D5E}.Release|Any CPU.Build.0 = Release|Any CPU
		{966DCFD4-B5BA-49A6-9B87-1FF466BD5D5E}.Release|x64.ActiveCfg = Release|x64
		{966DCFD4-B5BA-49A6-9B87-1FF466BD5D5E}.Release|x64.Build.0 = Release|x64
		{3325A152-EE32-4F91-82FE-8DB540067650}.Debug|Any CPU.ActiveCfg = Debug|Any CPU
		{3325A152-EE32-4F91-82FE-8DB540067650}.Debug|Any CPU.Build.0 = Debug|Any CPU
		{3325A152-EE32-4F91-82FE-8DB540067650}.Debug|x64.ActiveCfg = Debug|x64
		{3325A152-EE32-4F91-82FE-8DB540067650}.Debug|x64.Build.0 = Debug|x64
		{3325A152-EE32-4F91-82FE-8DB540067650}.Release|Any CPU.ActiveCfg = Release|Any CPU
		{3325A152-EE32-4F91-82FE-8DB540067650}.Release|Any CPU.Build.0 = Release|Any CPU
		{3325A152-EE32-4F91-82FE-8DB540067650}.Release|x64.ActiveCfg = Release|x64
		{3325A152-EE32-4F91-82FE-8DB540067650}.Release|x64.Build.0 = Release|x64
		{241AC3A9-6D4C-49A8-8CAD-AF5CF620C3E0}.Debug|Any CPU.ActiveCfg = Debug|Any CPU
		{241AC3A9-6D4C-49A8-8CAD-AF5CF620C3E0}.Debug|Any CPU.Build.0 = Debug|Any CPU
		{241AC3A9-6D4C-49A8-8CAD-AF5CF620C3E0}.Debug|x64.ActiveCfg = Debug|x64
		{241AC3A9-6D4C-49A8-8CAD-AF5CF620C3E0}.Debug|x64.Build.0 = Debug|x64
		{241AC3A9-6D4C-49A8-8CAD-AF5CF620C3E0}.Release|Any CPU.ActiveCfg = Release|Any CPU
		{241AC3A9-6D4C-49A8-8CAD-AF5CF620C3E0}.Release|Any CPU.Build.0 = Release|Any CPU
		{241AC3A9-6D4C-49A8-8CAD-AF5CF620C3E0}.Release|x64.ActiveCfg = Release|x64
		{241AC3A9-6D4C-49A8-8CAD-AF5CF620C3E0}.Release|x64.Build.0 = Release|x64
		{4C9EEE59-35FF-45E6-A587-1186CAF5F043}.Debug|Any CPU.ActiveCfg = Debug|Any CPU
		{4C9EEE59-35FF-45E6-A587-1186CAF5F043}.Debug|Any CPU.Build.0 = Debug|Any CPU
		{4C9EEE59-35FF-45E6-A587-1186CAF5F043}.Debug|x64.ActiveCfg = Debug|x64
		{4C9EEE59-35FF-45E6-A587-1186CAF5F043}.Debug|x64.Build.0 = Debug|x64
		{4C9EEE59-35FF-45E6-A587-1186CAF5F043}.Release|Any CPU.ActiveCfg = Release|Any CPU
		{4C9EEE59-35FF-45E6-A587-1186CAF5F043}.Release|Any CPU.Build.0 = Release|Any CPU
		{4C9EEE59-35FF-45E6-A587-1186CAF5F043}.Release|x64.ActiveCfg = Release|x64
		{4C9EEE59-35FF-45E6-A587-1186CAF5F043}.Release|x64.Build.0 = Release|x64
		{2E37712C-A589-41ED-B051-E1EE089B7E09}.Debug|Any CPU.ActiveCfg = Debug|Any CPU
		{2E37712C-A589-41ED-B051-E1EE089B7E09}.Debug|Any CPU.Build.0 = Debug|Any CPU
		{2E37712C-A589-41ED-B051-E1EE089B7E09}.Debug|x64.ActiveCfg = Debug|x64
		{2E37712C-A589-41ED-B051-E1EE089B7E09}.Debug|x64.Build.0 = Debug|x64
		{2E37712C-A589-41ED-B051-E1EE089B7E09}.Release|Any CPU.ActiveCfg = Release|Any CPU
		{2E37712C-A589-41ED-B051-E1EE089B7E09}.Release|Any CPU.Build.0 = Release|Any CPU
		{2E37712C-A589-41ED-B051-E1EE089B7E09}.Release|x64.ActiveCfg = Release|x64
		{2E37712C-A589-41ED-B051-E1EE089B7E09}.Release|x64.Build.0 = Release|x64
		{ABF0FC1C-D66F-45EC-A206-806F843B4590}.Debug|Any CPU.ActiveCfg = Debug|Any CPU
		{ABF0FC1C-D66F-45EC-A206-806F843B4590}.Debug|Any CPU.Build.0 = Debug|Any CPU
		{ABF0FC1C-D66F-45EC-A206-806F843B4590}.Debug|x64.ActiveCfg = Debug|x64
		{ABF0FC1C-D66F-45EC-A206-806F843B4590}.Debug|x64.Build.0 = Debug|x64
		{ABF0FC1C-D66F-45EC-A206-806F843B4590}.Release|Any CPU.ActiveCfg = Release|Any CPU
		{ABF0FC1C-D66F-45EC-A206-806F843B4590}.Release|Any CPU.Build.0 = Release|Any CPU
		{ABF0FC1C-D66F-45EC-A206-806F843B4590}.Release|x64.ActiveCfg = Release|x64
		{ABF0FC1C-D66F-45EC-A206-806F843B4590}.Release|x64.Build.0 = Release|x64
		{85D28736-10E3-458F-98BA-765166C15502}.Debug|Any CPU.ActiveCfg = Debug|Any CPU
		{85D28736-10E3-458F-98BA-765166C15502}.Debug|Any CPU.Build.0 = Debug|Any CPU
		{85D28736-10E3-458F-98BA-765166C15502}.Debug|x64.ActiveCfg = Debug|x64
		{85D28736-10E3-458F-98BA-765166C15502}.Debug|x64.Build.0 = Debug|x64
		{85D28736-10E3-458F-98BA-765166C15502}.Release|Any CPU.ActiveCfg = Release|Any CPU
		{85D28736-10E3-458F-98BA-765166C15502}.Release|Any CPU.Build.0 = Release|Any CPU
		{85D28736-10E3-458F-98BA-765166C15502}.Release|x64.ActiveCfg = Release|x64
		{85D28736-10E3-458F-98BA-765166C15502}.Release|x64.Build.0 = Release|x64
		{7B7B0CB2-13EB-48D8-816B-C3F0B15DB50E}.Debug|Any CPU.ActiveCfg = Debug|Any CPU
		{7B7B0CB2-13EB-48D8-816B-C3F0B15DB50E}.Debug|Any CPU.Build.0 = Debug|Any CPU
		{7B7B0CB2-13EB-48D8-816B-C3F0B15DB50E}.Debug|x64.ActiveCfg = Debug|Any CPU
		{7B7B0CB2-13EB-48D8-816B-C3F0B15DB50E}.Release|Any CPU.ActiveCfg = Release|Any CPU
		{7B7B0CB2-13EB-48D8-816B-C3F0B15DB50E}.Release|Any CPU.Build.0 = Release|Any CPU
		{7B7B0CB2-13EB-48D8-816B-C3F0B15DB50E}.Release|x64.ActiveCfg = Release|Any CPU
		{EB943D9E-2EBE-4A9D-B843-59586C93F570}.Debug|Any CPU.ActiveCfg = Debug|Any CPU
		{EB943D9E-2EBE-4A9D-B843-59586C93F570}.Debug|Any CPU.Build.0 = Debug|Any CPU
		{EB943D9E-2EBE-4A9D-B843-59586C93F570}.Debug|x64.ActiveCfg = Debug|Any CPU
		{EB943D9E-2EBE-4A9D-B843-59586C93F570}.Release|Any CPU.ActiveCfg = Release|Any CPU
		{EB943D9E-2EBE-4A9D-B843-59586C93F570}.Release|Any CPU.Build.0 = Release|Any CPU
		{EB943D9E-2EBE-4A9D-B843-59586C93F570}.Release|x64.ActiveCfg = Release|Any CPU
		{1132B510-D3C4-4580-8AFF-63D7C9E5B44E}.Debug|Any CPU.ActiveCfg = Debug|Any CPU
		{1132B510-D3C4-4580-8AFF-63D7C9E5B44E}.Debug|Any CPU.Build.0 = Debug|Any CPU
		{1132B510-D3C4-4580-8AFF-63D7C9E5B44E}.Debug|x64.ActiveCfg = Debug|Any CPU
		{1132B510-D3C4-4580-8AFF-63D7C9E5B44E}.Release|Any CPU.ActiveCfg = Release|Any CPU
		{1132B510-D3C4-4580-8AFF-63D7C9E5B44E}.Release|Any CPU.Build.0 = Release|Any CPU
		{1132B510-D3C4-4580-8AFF-63D7C9E5B44E}.Release|x64.ActiveCfg = Release|Any CPU
		{D5DE017A-0DDE-47F6-9837-5E805CA63D75}.Debug|Any CPU.ActiveCfg = Debug|Any CPU
		{D5DE017A-0DDE-47F6-9837-5E805CA63D75}.Debug|Any CPU.Build.0 = Debug|Any CPU
		{D5DE017A-0DDE-47F6-9837-5E805CA63D75}.Debug|x64.ActiveCfg = Debug|Any CPU
		{D5DE017A-0DDE-47F6-9837-5E805CA63D75}.Release|Any CPU.ActiveCfg = Release|Any CPU
		{D5DE017A-0DDE-47F6-9837-5E805CA63D75}.Release|Any CPU.Build.0 = Release|Any CPU
		{D5DE017A-0DDE-47F6-9837-5E805CA63D75}.Release|x64.ActiveCfg = Release|Any CPU
		{BADC58F3-5A5D-4672-A9FF-410E102C67A9}.Debug|Any CPU.ActiveCfg = Debug|Any CPU
		{BADC58F3-5A5D-4672-A9FF-410E102C67A9}.Debug|Any CPU.Build.0 = Debug|Any CPU
		{BADC58F3-5A5D-4672-A9FF-410E102C67A9}.Debug|x64.ActiveCfg = Debug|Any CPU
		{BADC58F3-5A5D-4672-A9FF-410E102C67A9}.Release|Any CPU.ActiveCfg = Release|Any CPU
		{BADC58F3-5A5D-4672-A9FF-410E102C67A9}.Release|Any CPU.Build.0 = Release|Any CPU
		{BADC58F3-5A5D-4672-A9FF-410E102C67A9}.Release|x64.ActiveCfg = Release|Any CPU
		{E130F25B-B9BD-4B30-A94D-F72D522B5E53}.Debug|Any CPU.ActiveCfg = Debug|Any CPU
		{E130F25B-B9BD-4B30-A94D-F72D522B5E53}.Debug|Any CPU.Build.0 = Debug|Any CPU
		{E130F25B-B9BD-4B30-A94D-F72D522B5E53}.Debug|x64.ActiveCfg = Debug|x64
		{E130F25B-B9BD-4B30-A94D-F72D522B5E53}.Debug|x64.Build.0 = Debug|x64
		{E130F25B-B9BD-4B30-A94D-F72D522B5E53}.Release|Any CPU.ActiveCfg = Release|Any CPU
		{E130F25B-B9BD-4B30-A94D-F72D522B5E53}.Release|Any CPU.Build.0 = Release|Any CPU
		{E130F25B-B9BD-4B30-A94D-F72D522B5E53}.Release|x64.ActiveCfg = Release|x64
		{E130F25B-B9BD-4B30-A94D-F72D522B5E53}.Release|x64.Build.0 = Release|x64
	EndGlobalSection
	GlobalSection(SolutionProperties) = preSolution
		HideSolutionNode = FALSE
	EndGlobalSection
	GlobalSection(ExtensibilityGlobals) = postSolution
		VisualSVNWorkingCopyRoot = .
	EndGlobalSection
EndGlobal
